<?xml version="1.0" encoding="utf-8"?>
<Project ToolsVersion="4.0" xmlns="http://schemas.microsoft.com/developer/msbuild/2003">
  <ItemGroup>
    <Filter Include="Source Files">
      <UniqueIdentifier>{4FC737F1-C7A5-4376-A066-2A32D752A2FF}</UniqueIdentifier>
      <Extensions>cpp;c;cc;cxx;def;odl;idl;hpj;bat;asm;asmx</Extensions>
    </Filter>
    <Filter Include="Header Files">
      <UniqueIdentifier>{93995380-89BD-4b04-88EB-625FBE52EBFB}</UniqueIdentifier>
      <Extensions>h;hh;hpp;hxx;hm;inl;inc;xsd</Extensions>
    </Filter>
    <Filter Include="Resource Files">
      <UniqueIdentifier>{67DA6AB6-F800-4c08-8B7A-83BB121AAD01}</UniqueIdentifier>
      <Extensions>rc;ico;cur;bmp;dlg;rc2;rct;bin;rgs;gif;jpg;jpeg;jpe;resx;tiff;tif;png;wav</Extensions>
    </Filter>
  </ItemGroup>
  <ItemGroup>
    <ClCompile Include="main.cpp">
      <Filter>Source Files</Filter>
    </ClCompile>
    <ClCompile Include="SO6.cpp">
      <Filter>Source Files</Filter>
    </ClCompile>
    <ClCompile Include="Z2.cpp">
      <Filter>Source Files</Filter>
    </ClCompile>
  </ItemGroup>
  <ItemGroup>
    <ClInclude Include="SO6.hpp">
      <Filter>Header Files</Filter>
    </ClInclude>
    <ClInclude Include="Z2.hpp">
      <Filter>Header Files</Filter>
    </ClInclude>
  </ItemGroup>
  <ItemGroup>
    <None Include="doxygen\html\annotated.html" />
    <None Include="doxygen\html\classes.html" />
    <None Include="doxygen\html\class_s_o6-members.html" />
    <None Include="doxygen\html\class_s_o6.html" />
    <None Include="doxygen\html\class_z2-members.html" />
    <None Include="doxygen\html\class_z2.html" />
    <None Include="doxygen\html\files.html" />
    <None Include="doxygen\html\functions.html" />
    <None Include="doxygen\html\functions_func.html" />
    <None Include="doxygen\html\functions_rela.html" />
    <None Include="doxygen\html\globals.html" />
    <None Include="doxygen\html\globals_func.html" />
    <None Include="doxygen\html\index.html" />
    <None Include="doxygen\html\main_8cpp.html" />
    <None Include="doxygen\html\_s_o6_8hpp_source.html" />
    <None Include="doxygen\html\_z2_8hpp_source.html" />
    <None Include="doxygen\html\search\all_0.html" />
    <None Include="doxygen\html\search\all_1.html" />
    <None Include="doxygen\html\search\all_2.html" />
    <None Include="doxygen\html\search\all_3.html" />
    <None Include="doxygen\html\search\all_4.html" />
    <None Include="doxygen\html\search\all_5.html" />
    <None Include="doxygen\html\search\all_6.html" />
    <None Include="doxygen\html\search\all_7.html" />
    <None Include="doxygen\html\search\classes_0.html" />
    <None Include="doxygen\html\search\classes_1.html" />
    <None Include="doxygen\html\search\files_0.html" />
    <None Include="doxygen\html\search\functions_0.html" />
    <None Include="doxygen\html\search\functions_1.html" />
    <None Include="doxygen\html\search\functions_2.html" />
    <None Include="doxygen\html\search\functions_3.html" />
    <None Include="doxygen\html\search\functions_4.html" />
    <None Include="doxygen\html\search\functions_5.html" />
    <None Include="doxygen\html\search\functions_6.html" />
    <None Include="doxygen\html\search\functions_7.html" />
    <None Include="doxygen\html\search\nomatches.html" />
    <None Include="doxygen\html\search\related_0.html" />
  </ItemGroup>
</Project>